{
  "name": "backend",
  "version": "1.0.0",
  "lockfileVersion": 3,
  "requires": true,
  "packages": {
    "": {
      "name": "backend",
      "version": "1.0.0",
      "license": "ISC",
      "dependencies": {
        "@trpc/server": "^11.0.0-rc.553"
      },
      "devDependencies": {
        "typescript": "^5.6.2"
      }
    },
    "node_modules/@trpc/server": {
      "version": "11.0.0-rc.553",
      "resolved": "https://registry.npmjs.org/@trpc/server/-/server-11.0.0-rc.553.tgz",
      "integrity": "sha512-pYUhxV3QU834jP1ugJk1uhtPwwaY1ymIuupb4DiWOhNCl68syuXPlUdD8IYsYKd3BjLkmnjlsOUMoyd/aoOF/Q==",
      "funding": [
        "https://trpc.io/sponsor"
      ]
    },
    "node_modules/typescript": {
      "version": "5.6.2",
      "resolved": "https://registry.npmjs.org/typescript/-/typescript-5.6.2.tgz",
      "integrity": "sha512-NW8ByodCSNCwZeghjN3o+JX5OFH0Ojg6sadjEKY4huZ52TqbJTJnDo5+Tw98lSy63NZvi4n+ez5m2u5d4PkZyw==",
      "dev": true,
      "bin": {
        "tsc": "bin/tsc",
        "tsserver": "bin/tsserver"
      },
      "engines": {
        "node": ">=14.17"
      }
    }
  }
}
